
Microsoft Visual Studio Solution File, Format Version 12.00
# Visual Studio Version 17
VisualStudioVersion = 17.3.32922.545
MinimumVisualStudioVersion = 10.0.40219.1
Project("{FAE04EC0-301F-11D3-BF4B-00C04F79EFBC}") = "GeneticAlgorithm", "GeneticAlgorithm\GeneticAlgorithm.csproj", "{82AB038B-8B32-4270-A382-E89F242F0435}"
EndProject
Project("{FAE04EC0-301F-11D3-BF4B-00C04F79EFBC}") = "GeneticAlgorithmTest", "GeneticAlgorithmTest\GeneticAlgorithmTest.csproj", "{2636279A-1E88-4C3A-A266-86086FBAD942}"
EndProject
Global
	GlobalSection(SolutionConfigurationPlatforms) = preSolution
		Debug|Any CPU = Debug|Any CPU
		Release|Any CPU = Release|Any CPU
	EndGlobalSection
	GlobalSection(ProjectConfigurationPlatforms) = postSolution
		{82AB038B-8B32-4270-A382-E89F242F0435}.Debug|Any CPU.ActiveCfg = Debug|Any CPU
		{82AB038B-8B32-4270-A382-E89F242F0435}.Debug|Any CPU.Build.0 = Debug|Any CPU
		{82AB038B-8B32-4270-A382-E89F242F0435}.Release|Any CPU.ActiveCfg = Release|Any CPU
		{82AB038B-8B32-4270-A382-E89F242F0435}.Release|Any CPU.Build.0 = Release|Any CPU
		{2636279A-1E88-4C3A-A266-86086FBAD942}.Debug|Any CPU.ActiveCfg = Debug|Any CPU
		{2636279A-1E88-4C3A-A266-86086FBAD942}.Debug|Any CPU.Build.0 = Debug|Any CPU
		{2636279A-1E88-4C3A-A266-86086FBAD942}.Release|Any CPU.ActiveCfg = Release|Any CPU
		{2636279A-1E88-4C3A-A266-86086FBAD942}.Release|Any CPU.Build.0 = Release|Any CPU
	EndGlobalSection
	GlobalSection(SolutionProperties) = preSolution
		HideSolutionNode = FALSE
	EndGlobalSection
	GlobalSection(ExtensibilityGlobals) = postSolution
		SolutionGuid = {271C067A-3E78-45A8-AC19-C8E66E5FFE54}
	EndGlobalSection
EndGlobal
